
Microsoft Visual Studio Solution File, Format Version 12.00
# Visual Studio Version 17
VisualStudioVersion = 17.6.33723.286
MinimumVisualStudioVersion = 10.0.40219.1
Project("{FAE04EC0-301F-11D3-BF4B-00C04F79EFBC}") = "PR-21.101_Winter_02", "PR-21.101_Winter_02\PR-21.101_Winter_02.csproj", "{D074BEF6-D5E2-453E-9724-A8959CB0971C}"
EndProject
Global
	GlobalSection(SolutionConfigurationPlatforms) = preSolution
		Debug|Any CPU = Debug|Any CPU
		Release|Any CPU = Release|Any CPU
	EndGlobalSection
	GlobalSection(ProjectConfigurationPlatforms) = postSolution
		{D074BEF6-D5E2-453E-9724-A8959CB0971C}.Debug|Any CPU.ActiveCfg = Debug|Any CPU
		{D074BEF6-D5E2-453E-9724-A8959CB0971C}.Debug|Any CPU.Build.0 = Debug|Any CPU
		{D074BEF6-D5E2-453E-9724-A8959CB0971C}.Release|Any CPU.ActiveCfg = Release|Any CPU
		{D074BEF6-D5E2-453E-9724-A8959CB0971C}.Release|Any CPU.Build.0 = Release|Any CPU
	EndGlobalSection
	GlobalSection(SolutionProperties) = preSolution
		HideSolutionNode = FALSE
	EndGlobalSection
	GlobalSection(ExtensibilityGlobals) = postSolution
		SolutionGuid = {7199849A-2D14-43D1-8E60-0C299ABDE06E}
	EndGlobalSection
EndGlobal
